
Microsoft Visual Studio Solution File, Format Version 12.00
# Visual Studio Version 16
VisualStudioVersion = 16.0.28803.202
MinimumVisualStudioVersion = 10.0.40219.1
Project("{9A19103F-16F7-4668-BE54-9A1E7A4F7556}") = "CalculatorApp", "CalculatorApp\CalculatorApp.csproj", "{AC2D6024-93D0-42FD-BFCC-8774E478E21F}"
EndProject
Project("{FAE04EC0-301F-11D3-BF4B-00C04F79EFBC}") = "CalculatorApp.Tests", "CalculatorApp.Tests\CalculatorApp.Tests.csproj", "{B78AD3E3-7F78-4AF6-82D2-0BA4AA8E6031}"
EndProject
Global
	GlobalSection(SolutionConfigurationPlatforms) = preSolution
		Debug|Any CPU = Debug|Any CPU
		Release|Any CPU = Release|Any CPU
	EndGlobalSection
	GlobalSection(ProjectConfigurationPlatforms) = postSolution
		{AC2D6024-93D0-42FD-BFCC-8774E478E21F}.Debug|Any CPU.ActiveCfg = Debug|Any CPU
		{AC2D6024-93D0-42FD-BFCC-8774E478E21F}.Debug|Any CPU.Build.0 = Debug|Any CPU
		{AC2D6024-93D0-42FD-BFCC-8774E478E21F}.Release|Any CPU.ActiveCfg = Release|Any CPU
		{AC2D6024-93D0-42FD-BFCC-8774E478E21F}.Release|Any CPU.Build.0 = Release|Any CPU
		{B78AD3E3-7F78-4AF6-82D2-0BA4AA8E6031}.Debug|Any CPU.ActiveCfg = Debug|Any CPU
		{B78AD3E3-7F78-4AF6-82D2-0BA4AA8E6031}.Debug|Any CPU.Build.0 = Debug|Any CPU
		{B78AD3E3-7F78-4AF6-82D2-0BA4AA8E6031}.Release|Any CPU.ActiveCfg = Release|Any CPU
		{B78AD3E3-7F78-4AF6-82D2-0BA4AA8E6031}.Release|Any CPU.Build.0 = Release|Any CPU
	EndGlobalSection
	GlobalSection(SolutionProperties) = preSolution
		HideSolutionNode = FALSE
	EndGlobalSection
	GlobalSection(ExtensibilityGlobals) = postSolution
		SolutionGuid = {4FB09ABC-0A7C-46A1-8A00-CDDFD904594A}
	EndGlobalSection
EndGlobal
